
Microsoft Visual Studio Solution File, Format Version 12.00
# Visual Studio Version 17
VisualStudioVersion = 17.3.32819.101
MinimumVisualStudioVersion = 10.0.40219.1
Project("{8BC9CEB8-8B4A-11D0-8D11-00A0C91BC942}") = "2071.c", "2071.c\2071.c.vcxproj", "{B5AB6EE8-DE6B-4E3A-9ED3-A67516070157}"
EndProject
Global
	GlobalSection(SolutionConfigurationPlatforms) = preSolution
		Debug|x64 = Debug|x64
		Debug|x86 = Debug|x86
		Release|x64 = Release|x64
		Release|x86 = Release|x86
	EndGlobalSection
	GlobalSection(ProjectConfigurationPlatforms) = postSolution
		{B5AB6EE8-DE6B-4E3A-9ED3-A67516070157}.Debug|x64.ActiveCfg = Debug|x64
		{B5AB6EE8-DE6B-4E3A-9ED3-A67516070157}.Debug|x64.Build.0 = Debug|x64
		{B5AB6EE8-DE6B-4E3A-9ED3-A67516070157}.Debug|x86.ActiveCfg = Debug|Win32
		{B5AB6EE8-DE6B-4E3A-9ED3-A67516070157}.Debug|x86.Build.0 = Debug|Win32
		{B5AB6EE8-DE6B-4E3A-9ED3-A67516070157}.Release|x64.ActiveCfg = Release|x64
		{B5AB6EE8-DE6B-4E3A-9ED3-A67516070157}.Release|x64.Build.0 = Release|x64
		{B5AB6EE8-DE6B-4E3A-9ED3-A67516070157}.Release|x86.ActiveCfg = Release|Win32
		{B5AB6EE8-DE6B-4E3A-9ED3-A67516070157}.Release|x86.Build.0 = Release|Win32
	EndGlobalSection
	GlobalSection(SolutionProperties) = preSolution
		HideSolutionNode = FALSE
	EndGlobalSection
	GlobalSection(ExtensibilityGlobals) = postSolution
		SolutionGuid = {5BAECB4C-A2E9-4C15-AAF0-35EF672D32CD}
	EndGlobalSection
EndGlobal
